
Microsoft Visual Studio Solution File, Format Version 12.00
# Visual Studio Version 17
VisualStudioVersion = 17.3.32901.215
MinimumVisualStudioVersion = 10.0.40219.1
Project("{FAE04EC0-301F-11D3-BF4B-00C04F79EFBC}") = "GUI", "FoodStoreManagement\GUI.csproj", "{070BD439-C348-411A-9CA7-A3B0026B9075}"
EndProject
Project("{FAE04EC0-301F-11D3-BF4B-00C04F79EFBC}") = "DAL", "DAL\DAL.csproj", "{DB07E15D-27E2-4B52-8AC0-B2DA17543182}"
EndProject
Project("{FAE04EC0-301F-11D3-BF4B-00C04F79EFBC}") = "BUS", "BLL\BUS.csproj", "{B00A6B95-FAEC-4DAA-8403-5C4561431F91}"
EndProject
Project("{FAE04EC0-301F-11D3-BF4B-00C04F79EFBC}") = "DTO", "DTO\DTO.csproj", "{201DB3F7-1C46-49C8-AA40-F6AF692A351A}"
EndProject
Global
	GlobalSection(SolutionConfigurationPlatforms) = preSolution
		Debug|Any CPU = Debug|Any CPU
		Release|Any CPU = Release|Any CPU
	EndGlobalSection
	GlobalSection(ProjectConfigurationPlatforms) = postSolution
		{070BD439-C348-411A-9CA7-A3B0026B9075}.Debug|Any CPU.ActiveCfg = Debug|Any CPU
		{070BD439-C348-411A-9CA7-A3B0026B9075}.Debug|Any CPU.Build.0 = Debug|Any CPU
		{070BD439-C348-411A-9CA7-A3B0026B9075}.Release|Any CPU.ActiveCfg = Release|Any CPU
		{070BD439-C348-411A-9CA7-A3B0026B9075}.Release|Any CPU.Build.0 = Release|Any CPU
		{DB07E15D-27E2-4B52-8AC0-B2DA17543182}.Debug|Any CPU.ActiveCfg = Debug|Any CPU
		{DB07E15D-27E2-4B52-8AC0-B2DA17543182}.Debug|Any CPU.Build.0 = Debug|Any CPU
		{DB07E15D-27E2-4B52-8AC0-B2DA17543182}.Release|Any CPU.ActiveCfg = Release|Any CPU
		{DB07E15D-27E2-4B52-8AC0-B2DA17543182}.Release|Any CPU.Build.0 = Release|Any CPU
		{B00A6B95-FAEC-4DAA-8403-5C4561431F91}.Debug|Any CPU.ActiveCfg = Debug|Any CPU
		{B00A6B95-FAEC-4DAA-8403-5C4561431F91}.Debug|Any CPU.Build.0 = Debug|Any CPU
		{B00A6B95-FAEC-4DAA-8403-5C4561431F91}.Release|Any CPU.ActiveCfg = Release|Any CPU
		{B00A6B95-FAEC-4DAA-8403-5C4561431F91}.Release|Any CPU.Build.0 = Release|Any CPU
		{201DB3F7-1C46-49C8-AA40-F6AF692A351A}.Debug|Any CPU.ActiveCfg = Debug|Any CPU
		{201DB3F7-1C46-49C8-AA40-F6AF692A351A}.Debug|Any CPU.Build.0 = Debug|Any CPU
		{201DB3F7-1C46-49C8-AA40-F6AF692A351A}.Release|Any CPU.ActiveCfg = Release|Any CPU
		{201DB3F7-1C46-49C8-AA40-F6AF692A351A}.Release|Any CPU.Build.0 = Release|Any CPU
	EndGlobalSection
	GlobalSection(SolutionProperties) = preSolution
		HideSolutionNode = FALSE
	EndGlobalSection
	GlobalSection(ExtensibilityGlobals) = postSolution
		SolutionGuid = {BC734E18-66C9-4159-97AE-504593554367}
	EndGlobalSection
EndGlobal
